
Microsoft Visual Studio Solution File, Format Version 12.00
# Visual Studio Version 17
VisualStudioVersion = 17.2.32516.85
MinimumVisualStudioVersion = 10.0.40219.1
Project("{FAE04EC0-301F-11D3-BF4B-00C04F79EFBC}") = "HomePlayer ReactJS", "HomePlayer ReactJS\HomePlayer ReactJS.csproj", "{74A144F0-6DCD-4BF8-968A-CD1046E9ADCB}"
EndProject
Global
	GlobalSection(SolutionConfigurationPlatforms) = preSolution
		Debug|Any CPU = Debug|Any CPU
		Release|Any CPU = Release|Any CPU
	EndGlobalSection
	GlobalSection(ProjectConfigurationPlatforms) = postSolution
		{74A144F0-6DCD-4BF8-968A-CD1046E9ADCB}.Debug|Any CPU.ActiveCfg = Debug|Any CPU
		{74A144F0-6DCD-4BF8-968A-CD1046E9ADCB}.Debug|Any CPU.Build.0 = Debug|Any CPU
		{74A144F0-6DCD-4BF8-968A-CD1046E9ADCB}.Release|Any CPU.ActiveCfg = Release|Any CPU
		{74A144F0-6DCD-4BF8-968A-CD1046E9ADCB}.Release|Any CPU.Build.0 = Release|Any CPU
	EndGlobalSection
	GlobalSection(SolutionProperties) = preSolution
		HideSolutionNode = FALSE
	EndGlobalSection
	GlobalSection(ExtensibilityGlobals) = postSolution
		SolutionGuid = {CC88FF07-16FD-480E-9E83-EA793E096C07}
	EndGlobalSection
EndGlobal
